
Microsoft Visual Studio Solution File, Format Version 12.00
# Visual Studio Version 17
VisualStudioVersion = 17.14.36109.1 d17.14
MinimumVisualStudioVersion = 10.0.40219.1
Project("{FAE04EC0-301F-11D3-BF4B-00C04F79EFBC}") = "UnicomTIC_Management_System", "UnicomTIC_Management_System\UnicomTIC_Management_System.csproj", "{B59FB897-87EC-428B-BDD9-8F9DB0C2DF97}"
EndProject
Global
	GlobalSection(SolutionConfigurationPlatforms) = preSolution
		Debug|Any CPU = Debug|Any CPU
		Release|Any CPU = Release|Any CPU
	EndGlobalSection
	GlobalSection(ProjectConfigurationPlatforms) = postSolution
		{B59FB897-87EC-428B-BDD9-8F9DB0C2DF97}.Debug|Any CPU.ActiveCfg = Debug|Any CPU
		{B59FB897-87EC-428B-BDD9-8F9DB0C2DF97}.Debug|Any CPU.Build.0 = Debug|Any CPU
		{B59FB897-87EC-428B-BDD9-8F9DB0C2DF97}.Release|Any CPU.ActiveCfg = Release|Any CPU
		{B59FB897-87EC-428B-BDD9-8F9DB0C2DF97}.Release|Any CPU.Build.0 = Release|Any CPU
	EndGlobalSection
	GlobalSection(SolutionProperties) = preSolution
		HideSolutionNode = FALSE
	EndGlobalSection
	GlobalSection(ExtensibilityGlobals) = postSolution
		SolutionGuid = {9B5898FB-6A8D-43BB-8C5B-26C8B2BCAE4D}
	EndGlobalSection
EndGlobal
